GIT
  remote: git://github.com/iiif/osullivan.git
  revision: 1113f6b17a0c7bde22eca60fbf1231ed5d8b4daa
  branch: development
  specs:
    iiif-presentation (0.2.0)
      activesupport (>= 3.2.18)
      faraday (>= 0.9)
      json

GIT
  remote: git://github.com/projecthydra-labs/browse-everything.git
  revision: e5d7b4dd3092871c5e8cad2e079c2185d74238a3
  specs:
    browse-everything (0.11.1)
      addressable (~> 2.5)
      aws-sdk
      bootstrap-sass
      dropbox-sdk (>= 1.6.2)
      font-awesome-rails
      google-api-client (~> 0.9)
      google_drive
      httparty
      rails (>= 3.1)
      ruby-box
      sass-rails
      signet
      skydrive

GIT
  remote: git://github.com/projecthydra-labs/hydra-pcdm.git
  revision: 0cb9f76f666fb1db55a8f65486da36ad1a1801de
  branch: master
  specs:
    hydra-pcdm (0.9.0)
      active-fedora (>= 10, < 12)
      mime-types (>= 1)

GIT
  remote: git://github.com/projecthydra-labs/hydra-works.git
  revision: 847ac80ba8a881276cd37435e43bed22cef12172
  branch: master
  specs:
    hydra-works (0.15.0)
      hydra-derivatives (~> 3.0)
      hydra-file_characterization (~> 0.3, >= 0.3.3)
      hydra-pcdm (>= 0.9)
      om (~> 3.1)

GIT
  remote: git://github.com/projecthydra-labs/hyrax.git
  revision: ffc9993f26e8dc0f767c678c8f5dbc29464a82f5
  specs:
    hyrax (0.0.1.alpha)
      active_attr (~> 0.9.0)
      active_fedora-noid (~> 2.0)
      almond-rails (~> 0.0.1)
      awesome_nested_set (~> 3.1)
      blacklight (~> 6.6)
      blacklight-gallery (~> 0.7)
      breadcrumbs_on_rails (~> 3.0)
      browse-everything (>= 0.10.5)
      carrierwave (~> 0.9)
      clipboard-rails (~> 1.5)
      daemons (~> 1.1)
      dry-equalizer (~> 0.2)
      dry-struct (~> 0.1)
      dry-validation (~> 0.9)
      flipflop (~> 2.2)
      flot-rails (~> 0.0.6)
      font-awesome-rails (~> 4.2)
      hydra-editor (~> 3.1)
      hydra-head (>= 10.4.0)
      hydra-works (~> 0.15)
      jquery-datatables-rails (~> 3.4.0)
      jquery-ui-rails (~> 5.0)
      json-schema
      kaminari_route_prefix (~> 0.0.1)
      legato (~> 0.3)
      mailboxer (~> 0.12)
      nest (~> 2.0)
      oauth
      oauth2 (~> 1.2)
      posix-spawn
      power_converter (~> 0.1, >= 0.1.2)
      qa (~> 0.8)
      rails_autolink (~> 1.1)
      railties (~> 5.0)
      rdf-rdfxml
      redis-namespace (~> 1.5.2)
      redlock (~> 0.1.2)
      select2-rails (~> 3.5.9)
      signet
      tinymce-rails (~> 4.1)
      tinymce-rails-imageupload (~> 4.0.17.beta)
      yaml_db (~> 0.2)

GIT
  remote: git://github.com/pulibrary/grocer.git
  revision: 910e3d55f4ddc2792ee4fc80bd47e275aacfd458
  specs:
    grocer (0.1.0)
      active-fedora
      kaminari

GIT
  remote: git://github.com/pulibrary/pul_metadata_services.git
  revision: 08bc4282fbd4b956737d62f52738730a47e75496
  branch: pulfa-metadata
  specs:
    pul_metadata_services (0.0.1)
      activesupport (>= 4.2.7.1)
      faraday (~> 0.9.1)
      marc (~> 1.0.0)
      nokogiri (~> 1.6.6.2)

GIT
  remote: git://github.com/pulibrary/pul_uv_rails.git
  revision: 7060d5eac7005573a93aac0335b365e29a576a54
  branch: master
  specs:
    pul_uv_rails (1.8.42)

GIT
  remote: git://github.com/yob/pdf-reader.git
  revision: 2b9b814c3c0bd5de0300945062bad71244a02174
  specs:
    pdf-reader (2.0.0.beta)
      Ascii85 (~> 1.0.0)
      afm (~> 0.2.1)
      hashery (~> 2.0)
      ruby-rc4
      ttfunk

GIT
  remote: https://github.com/jcoyne/flipflop.git
  revision: 0eecddade9890548c92b1e8aa681512f1db01469
  branch: hydra
  specs:
    flipflop (2.2.1)
      activesupport (>= 4.0)

GEM
  remote: https://rubygems.org/
  remote: https://rails-assets.org/
  specs:
    Ascii85 (1.0.2)
    aasm (4.11.1)
    actioncable (5.0.1)
      actionpack (= 5.0.1)
      nio4r (~> 1.2)
      websocket-driver (~> 0.6.1)
    actionmailer (5.0.1)
      actionpack (= 5.0.1)
      actionview (= 5.0.1)
      activejob (= 5.0.1)
      mail (~> 2.5, >= 2.5.4)
      rails-dom-testing (~> 2.0)
    actionpack (5.0.1)
      actionview (= 5.0.1)
      activesupport (= 5.0.1)
      rack (~> 2.0)
      rack-test (~> 0.6.3)
      rails-dom-testing (~> 2.0)
      rails-html-sanitizer (~> 1.0, >= 1.0.2)
    actionview (5.0.1)
      activesupport (= 5.0.1)
      builder (~> 3.1)
      erubis (~> 2.7.0)
      rails-dom-testing (~> 2.0)
      rails-html-sanitizer (~> 1.0, >= 1.0.2)
    active-fedora (11.1.2)
      active-triples (~> 0.11.0)
      activemodel (>= 4.2, < 6)
      activesupport (>= 4.2.4, < 6)
      deprecation
      ldp (~> 0.6.0)
      rsolr (>= 1.1.2, < 3)
      solrizer (~> 3.4)
    active-triples (0.11.0)
      activemodel (>= 3.0.0)
      activesupport (>= 3.0.0)
      rdf (~> 2.0, >= 2.0.2)
      rdf-vocab
    active_attr (0.9.0)
      activemodel (>= 3.0.2, < 5.1)
      activesupport (>= 3.0.2, < 5.1)
    active_fedora-noid (2.0.0)
      active-fedora (>= 9.7, < 12)
      noid (~> 0.9)
      rails (>= 4.2.7.1, < 6)
    activejob (5.0.1)
      activesupport (= 5.0.1)
      globalid (>= 0.3.6)
    activemodel (5.0.1)
      activesupport (= 5.0.1)
    activerecord (5.0.1)
      activemodel (= 5.0.1)
      activesupport (= 5.0.1)
      arel (~> 7.0)
    activerecord-import (0.17.1)
      activerecord (>= 3.2)
    activesupport (5.0.1)
      concurrent-ruby (~> 1.0, >= 1.0.2)
      i18n (~> 0.7)
      minitest (~> 5.1)
      tzinfo (~> 1.1)
    addressable (2.5.0)
      public_suffix (~> 2.0, >= 2.0.2)
    afm (0.2.2)
    airbrussh (1.1.2)
      sshkit (>= 1.6.1, != 1.7.0)
    almond-rails (0.0.3)
      rails (>= 4.2, < 6)
    amq-protocol (2.1.0)
    arabic-letter-connector (0.1.1)
    arel (7.1.4)
    ast (2.3.0)
    astrolabe (1.3.1)
      parser (~> 2.2)
    autoprefixer-rails (6.7.2)
      execjs
    awesome_nested_set (3.1.1)
      activerecord (>= 4.0.0, < 5.1)
    aws-sdk (2.7.3)
      aws-sdk-resources (= 2.7.3)
    aws-sdk-core (2.7.3)
      aws-sigv4 (~> 1.0)
      jmespath (~> 1.0)
    aws-sdk-resources (2.7.3)
      aws-sdk-core (= 2.7.3)
    aws-sigv4 (1.0.0)
    babel-source (5.8.35)
    babel-transpiler (0.7.0)
      babel-source (>= 4.0, < 6)
      execjs (~> 2.0)
    bcrypt (3.1.11)
    binding_of_caller (0.7.2)
      debug_inspector (>= 0.0.1)
    blacklight (6.7.3)
      bootstrap-sass (~> 3.2)
      deprecation
      globalid
      kaminari (>= 0.15)
      nokogiri (~> 1.6)
      rails (>= 4.2, < 6)
      rsolr (>= 1.0.6, < 3)
      twitter-typeahead-rails (= 0.11.1.pre.corejavascript)
    blacklight-access_controls (0.6.1)
      blacklight (~> 6.0)
      cancancan (~> 1.8)
      deprecation (~> 1.0)
    blacklight-gallery (0.7.0)
      blacklight (~> 6.3)
      bootstrap-sass (~> 3.0)
      openseadragon (>= 0.2.0)
      rails
    bootstrap-sass (3.3.7)
      autoprefixer-rails (>= 5.2.1)
      sass (>= 3.3.4)
    bootstrap_form (2.6.0)
    breadcrumbs_on_rails (3.0.1)
    builder (3.2.3)
    bunny (2.6.3)
      amq-protocol (>= 2.0.1)
    byebug (9.0.6)
    cancancan (1.15.0)
    capistrano (3.7.2)
      airbrussh (>= 1.0.0)
      capistrano-harrow
      i18n
      rake (>= 10.0.0)
      sshkit (>= 1.9.0)
    capistrano-bundler (1.2.0)
      capistrano (~> 3.1)
      sshkit (~> 1.2)
    capistrano-harrow (0.5.3)
    capistrano-passenger (0.2.0)
      capistrano (~> 3.0)
    capistrano-rails (1.2.2)
      capistrano (~> 3.1)
      capistrano-bundler (~> 1.1)
    capistrano-rails-console (2.2.0)
      capistrano (>= 3.5.0, < 4.0.0)
      sshkit-interactive (~> 0.2.0)
    capybara (2.12.0)
      addressable
      mime-types (>= 1.16)
      nokogiri (>= 1.3.3)
      rack (>= 1.0.0)
      rack-test (>= 0.5.4)
      xpath (~> 2.0)
    carrierwave (0.11.2)
      activemodel (>= 3.2.0)
      activesupport (>= 3.2.0)
      json (>= 1.7)
      mime-types (>= 1.16)
      mimemagic (>= 0.3.0)
    clipboard-rails (1.5.16)
    coderay (1.1.1)
    coffee-rails (4.2.1)
      coffee-script (>= 2.2.0)
      railties (>= 4.0.0, < 5.2.x)
    coffee-script (2.4.1)
      coffee-script-source
      execjs
    coffee-script-source (1.12.2)
    concurrent-ruby (1.0.4)
    connection_pool (2.2.1)
    coveralls (0.8.3)
      json (~> 1.8)
      rest-client (>= 1.6.8, < 2)
      simplecov (~> 0.10.0)
      term-ansicolor (~> 1.3)
      thor (~> 0.19.1)
    crack (0.4.3)
      safe_yaml (~> 1.0.0)
    daemons (1.2.4)
    dalli (2.7.6)
    debug_inspector (0.0.2)
    deprecation (1.0.0)
      activesupport
    devise (4.2.0)
      bcrypt (~> 3.0)
      orm_adapter (~> 0.1)
      railties (>= 4.1.0, < 5.1)
      responders
      warden (~> 1.2.3)
    devise-guests (0.5.0)
      devise
    diff-lcs (1.3)
    docile (1.1.5)
    domain_name (0.5.20161129)
      unf (>= 0.0.5, < 1.0.0)
    dropbox-sdk (1.6.5)
      json
    dry-configurable (0.5.0)
      concurrent-ruby (~> 1.0)
    dry-container (0.6.0)
      concurrent-ruby (~> 1.0)
      dry-configurable (~> 0.1, >= 0.1.3)
    dry-core (0.2.4)
      concurrent-ruby (~> 1.0)
    dry-equalizer (0.2.0)
    dry-logic (0.4.1)
      dry-container (~> 0.2, >= 0.2.6)
      dry-core (~> 0.2)
      dry-equalizer (~> 0.2)
    dry-struct (0.1.1)
      dry-configurable (~> 0.1)
      dry-equalizer (~> 0.2)
      dry-types (~> 0.9, >= 0.9.0)
      ice_nine (~> 0.11)
    dry-types (0.9.4)
      concurrent-ruby (~> 1.0)
      dry-configurable (~> 0.1)
      dry-container (~> 0.3)
      dry-core (~> 0.2, >= 0.2.1)
      dry-equalizer (~> 0.2)
      dry-logic (~> 0.4, >= 0.4.0)
      inflecto (~> 0.0.0, >= 0.0.2)
    dry-validation (0.10.5)
      concurrent-ruby (~> 1.0)
      dry-configurable (~> 0.1, >= 0.1.3)
      dry-core (~> 0.2, >= 0.2.1)
      dry-equalizer (~> 0.2)
      dry-logic (~> 0.4, >= 0.4.0)
      dry-types (~> 0.9, >= 0.9.0)
    ebnf (1.1.0)
      rdf (~> 2.0)
      sxp (~> 1.0)
    erubis (2.7.0)
    execjs (2.7.0)
    ezid-client (1.5.0)
      hashie (~> 3.4, >= 3.4.3)
    factory_girl (4.8.0)
      activesupport (>= 3.0.0)
    factory_girl_rails (4.8.0)
      factory_girl (~> 4.8.0)
      railties (>= 3.0.0)
    faraday (0.9.2)
      multipart-post (>= 1.2, < 3)
    fcrepo_wrapper (0.6.0)
      ruby-progressbar
    ffi (1.9.17)
    flot-rails (0.0.7)
      jquery-rails
    font-awesome-rails (4.7.0.1)
      railties (>= 3.2, < 5.1)
    globalid (0.3.7)
      activesupport (>= 4.1.0)
    google-api-client (0.9.26)
      addressable (~> 2.3)
      googleauth (~> 0.5)
      httpclient (~> 2.7)
      hurley (~> 0.1)
      memoist (~> 0.11)
      mime-types (>= 1.6)
      representable (~> 2.3.0)
      retriable (~> 2.0)
    google_drive (2.1.2)
      google-api-client (>= 0.9.0, < 1.0.0)
      googleauth (>= 0.5.0, < 1.0.0)
      nokogiri (>= 1.5.3, < 2.0.0)
    googleauth (0.5.1)
      faraday (~> 0.9)
      jwt (~> 1.4)
      logging (~> 2.0)
      memoist (~> 0.12)
      multi_json (~> 1.11)
      os (~> 0.9)
      signet (~> 0.7)
    haml (4.0.7)
      tilt
    hamster (3.0.0)
      concurrent-ruby (~> 1.0)
    hashdiff (0.3.2)
    hashery (2.1.2)
    hashie (3.5.1)
    hiredis (0.6.1)
    htmlentities (4.3.4)
    httmultiparty (0.3.16)
      httparty (>= 0.7.3)
      mimemagic
      multipart-post
    http-cookie (1.0.3)
      domain_name (~> 0.5)
    http_logger (0.5.1)
    httparty (0.14.0)
      multi_xml (>= 0.5.2)
    httpclient (2.8.3)
    hurley (0.2)
    hydra-access-controls (10.4.0)
      active-fedora (>= 10.0.0, < 12)
      activesupport (>= 4, < 6)
      blacklight (>= 5.16)
      blacklight-access_controls (~> 0.6)
      cancancan (~> 1.8)
      deprecation (~> 1.0)
    hydra-core (10.4.0)
      hydra-access-controls (= 10.4.0)
      railties (>= 4.0.0, < 6)
    hydra-derivatives (3.1.3)
      active-fedora (>= 9.0, < 12)
      activesupport (>= 4.0, < 6)
      deprecation
      mime-types (> 2.0, < 4.0)
      mini_magick (>= 3.2, < 5)
    hydra-editor (3.1.2)
      active-fedora (>= 9.0.0)
      almond-rails (~> 0.0.3)
      cancancan (~> 1.8)
      rails (>= 4.2.0, < 6)
      simple_form (~> 3.2)
      sprockets-es6
    hydra-file_characterization (0.3.3)
      activesupport (>= 3.0.0)
    hydra-head (10.4.0)
      hydra-access-controls (= 10.4.0)
      hydra-core (= 10.4.0)
      rails (>= 3.2.6)
    hydra-role-management (0.2.2)
      blacklight
      bootstrap_form
      cancancan
    i18n (0.8.0)
    ice_nine (0.11.2)
    inflecto (0.0.2)
    iso-639 (0.2.8)
    jasmine-core (2.5.2)
    jasmine-jquery-rails (2.0.3)
    jasmine-rails (0.14.1)
      jasmine-core (>= 1.3, < 3.0)
      phantomjs (>= 1.9)
      railties (>= 3.2.0)
      sprockets-rails
    jbuilder (2.6.1)
      activesupport (>= 3.0.0, < 5.1)
      multi_json (~> 1.2)
    jmespath (1.3.1)
    jquery-datatables-rails (3.4.0)
      actionpack (>= 3.1)
      jquery-rails
      railties (>= 3.1)
      sass-rails
    jquery-rails (4.2.2)
      rails-dom-testing (>= 1, < 3)
      railties (>= 4.2.0)
      thor (>= 0.14, < 2.0)
    jquery-ui-rails (5.0.5)
      railties (>= 3.2.16)
    json (1.8.6)
    json-ld (2.1.2)
      multi_json (~> 1.12)
      rdf (~> 2.1)
    json-schema (2.7.0)
      addressable (>= 2.4)
    jwt (1.5.6)
    kaminari (0.17.0)
      actionpack (>= 3.0.0)
      activesupport (>= 3.0.0)
    kaminari_route_prefix (0.0.2)
      kaminari (~> 0.16)
    launchy (2.4.3)
      addressable (~> 2.3)
    ldp (0.6.3)
      deprecation
      faraday
      http_logger
      json-ld
      rdf (>= 1.1)
      rdf-isomorphic
      rdf-turtle
      rdf-vocab (>= 0.8)
      slop
    legato (0.7.0)
      multi_json
    link_header (0.0.8)
    little-plugger (1.1.4)
    logging (2.1.0)
      little-plugger (~> 1.1)
      multi_json (~> 1.10)
    loofah (2.0.3)
      nokogiri (>= 1.5.9)
    mail (2.6.4)
      mime-types (>= 1.16, < 4)
    mailboxer (0.14.0)
      carrierwave (>= 0.5.8)
      rails (>= 4.2.0)
    marc (1.0.0)
      scrub_rb (>= 1.0.1, < 2)
      unf
    memoist (0.15.0)
    method_source (0.8.2)
    mime-types (2.99.3)
    mimemagic (0.3.2)
    mini_magick (4.6.0)
    mini_portile (0.6.2)
    minitest (5.10.1)
    modernizr-rails (2.7.1)
    msgpack (1.0.3)
    multi_json (1.12.1)
    multi_xml (0.6.0)
    multipart-post (2.0.0)
    nest (2.1.0)
      redic
    net-scp (1.2.1)
      net-ssh (>= 2.6.5)
    net-ssh (4.0.1)
    netrc (0.11.0)
    newrelic_rpm (3.18.0.329)
    nio4r (1.2.1)
    noid (0.9.0)
    nokogiri (1.6.6.4)
      mini_portile (~> 0.6.0)
    oauth (0.5.1)
    oauth2 (1.3.0)
      faraday (>= 0.8, < 0.11)
      jwt (~> 1.0)
      multi_json (~> 1.3)
      multi_xml (~> 0.5)
      rack (>= 1.2, < 3)
    om (3.1.1)
      activemodel
      activesupport
      nokogiri (>= 1.4.2)
      solrizer (~> 3.3)
    omniauth (1.4.0)
      hashie (>= 1.2, < 4)
      rack (>= 1.0, < 3)
    omniauth-cas (1.1.1)
      addressable (~> 2.3)
      nokogiri (~> 1.5)
      omniauth (~> 1.2)
    openseadragon (0.3.2)
      rails (> 3.2.0)
    orm_adapter (0.5.0)
    os (0.9.6)
    parser (2.3.3.1)
      ast (~> 2.2)
    pdf-core (0.6.1)
    pg (0.19.0)
    phantomjs (2.1.1.0)
    posix-spawn (0.3.13)
    power_converter (0.1.2)
    powerpack (0.1.1)
    prawn (2.1.0)
      pdf-core (~> 0.6.1)
      ttfunk (~> 1.4.0)
    pry (0.10.4)
      coderay (~> 1.1.0)
      method_source (~> 0.8.1)
      slop (~> 3.4)
    pry-byebug (3.4.2)
      byebug (~> 9.0)
      pry (~> 0.10)
    pry-rails (0.3.4)
      pry (>= 0.9.10)
    public_suffix (2.0.5)
    qa (0.11.0)
      activerecord-import
      deprecation
      faraday
      nokogiri (~> 1.6)
      rails (>= 4.2.0, < 6.0)
    rack (2.0.1)
    rack-protection (1.5.3)
      rack
    rack-test (0.6.3)
      rack (>= 1.0)
    rails (5.0.1)
      actioncable (= 5.0.1)
      actionmailer (= 5.0.1)
      actionpack (= 5.0.1)
      actionview (= 5.0.1)
      activejob (= 5.0.1)
      activemodel (= 5.0.1)
      activerecord (= 5.0.1)
      activesupport (= 5.0.1)
      bundler (>= 1.3.0, < 2.0)
      railties (= 5.0.1)
      sprockets-rails (>= 2.0.0)
    rails-assets-babel-polyfill (0.0.1)
    rails-assets-bootstrap-select (1.9.4)
      rails-assets-jquery (>= 1.8)
    rails-assets-jquery (3.1.1)
    rails-assets-jqueryui-timepicker-addon (1.6.3)
    rails-controller-testing (1.0.1)
      actionpack (~> 5.x)
      actionview (~> 5.x)
      activesupport (~> 5.x)
    rails-dom-testing (2.0.2)
      activesupport (>= 4.2.0, < 6.0)
      nokogiri (~> 1.6)
    rails-html-sanitizer (1.0.3)
      loofah (~> 2.0)
    rails_autolink (1.1.6)
      rails (> 3.1)
    railties (5.0.1)
      actionpack (= 5.0.1)
      activesupport (= 5.0.1)
      method_source
      rake (>= 0.8.7)
      thor (>= 0.18.1, < 2.0)
    rainbow (2.2.1)
    rake (11.3.0)
    rbtrace (0.4.8)
      ffi (>= 1.0.6)
      msgpack (>= 0.4.3)
      trollop (>= 1.16.2)
    rdf (2.2.3)
      hamster (~> 3.0)
      link_header (~> 0.0, >= 0.0.8)
    rdf-aggregate-repo (2.1.0)
      rdf (~> 2.0)
    rdf-isomorphic (2.0.0)
      rdf (~> 2.0)
    rdf-rdfa (2.1.1)
      haml (~> 4.0)
      htmlentities (~> 4.3)
      rdf (~> 2.0)
      rdf-aggregate-repo (~> 2.0)
      rdf-xsd (~> 2.0)
    rdf-rdfxml (2.0.0)
      htmlentities (~> 4.3)
      rdf (~> 2.0)
      rdf-rdfa (~> 2.0)
      rdf-xsd (~> 2.0)
    rdf-turtle (2.2.0)
      ebnf (~> 1.1)
      rdf (~> 2.2)
    rdf-vocab (2.2.1)
      rdf (~> 2.2)
    rdf-xsd (2.1.0)
      rdf (~> 2.1)
    rdoc (4.3.0)
    redic (1.5.0)
      hiredis
    redis (3.3.3)
    redis-namespace (1.5.2)
      redis (~> 3.0, >= 3.0.4)
    redlock (0.1.8)
      redis (~> 3, >= 3.0.0)
    representable (2.3.0)
      uber (~> 0.0.7)
    responders (2.3.0)
      railties (>= 4.2.0, < 5.1)
    rest-client (1.8.0)
      http-cookie (>= 1.0.2, < 2.0)
      mime-types (>= 1.16, < 3.0)
      netrc (~> 0.7)
    retriable (2.1.0)
    rsolr (1.1.2)
      builder (>= 2.1.2)
    rspec-core (3.5.4)
      rspec-support (~> 3.5.0)
    rspec-expectations (3.5.0)
      diff-lcs (>= 1.2.0, < 2.0)
      rspec-support (~> 3.5.0)
    rspec-mocks (3.5.0)
      diff-lcs (>= 1.2.0, < 2.0)
      rspec-support (~> 3.5.0)
    rspec-rails (3.5.2)
      actionpack (>= 3.0)
      activesupport (>= 3.0)
      railties (>= 3.0)
      rspec-core (~> 3.5.0)
      rspec-expectations (~> 3.5.0)
      rspec-mocks (~> 3.5.0)
      rspec-support (~> 3.5.0)
    rspec-support (3.5.0)
    rubocop (0.34.2)
      astrolabe (~> 1.3)
      parser (>= 2.2.2.5, < 3.0)
      powerpack (~> 0.1)
      rainbow (>= 1.99.1, < 3.0)
      ruby-progressbar (~> 1.4)
    rubocop-rspec (1.3.1)
    ruby-box (1.15.0)
      addressable
      json
      multipart-post
      oauth2
    ruby-prof (0.16.2)
    ruby-progressbar (1.8.1)
    ruby-rc4 (0.1.5)
    rubyzip (1.2.0)
    safe_yaml (1.0.4)
    sass (3.4.23)
    sass-rails (5.0.6)
      railties (>= 4.0.0, < 6)
      sass (~> 3.1)
      sprockets (>= 2.8, < 4.0)
      sprockets-rails (>= 2.0, < 4.0)
      tilt (>= 1.1, < 3)
    scrub_rb (1.0.1)
    sdoc (0.4.2)
      json (~> 1.7, >= 1.7.7)
      rdoc (~> 4.0)
    select2-rails (3.5.10)
      thor (~> 0.14)
    sidekiq (4.2.9)
      concurrent-ruby (~> 1.0)
      connection_pool (~> 2.2, >= 2.2.0)
      rack-protection (>= 1.5.0)
      redis (~> 3.2, >= 3.2.1)
    signet (0.7.3)
      addressable (~> 2.3)
      faraday (~> 0.9)
      jwt (~> 1.5)
      multi_json (~> 1.10)
    simple_form (3.4.0)
      actionpack (> 4, < 5.1)
      activemodel (> 4, < 5.1)
    simplecov (0.10.0)
      docile (~> 1.1.0)
      json (~> 1.8)
      simplecov-html (~> 0.10.0)
    simplecov-html (0.10.0)
    skydrive (1.2.0)
      activesupport
      httmultiparty
      httparty (>= 0.11.0)
      oauth2 (>= 0.9.2)
    slop (3.6.0)
    solr_wrapper (0.18.1)
      faraday
      ruby-progressbar
      rubyzip
    solrizer (3.4.1)
      activesupport
      daemons
      nokogiri
      stomp
      xml-simple
    spring (2.0.1)
      activesupport (>= 4.2)
    sprockets (3.5.2)
      concurrent-ruby (~> 1.0)
      rack (> 1, < 3)
    sprockets-es6 (0.9.2)
      babel-source (>= 5.8.11)
      babel-transpiler
      sprockets (>= 3.0.0)
    sprockets-rails (2.3.3)
      actionpack (>= 3.0)
      activesupport (>= 3.0)
      sprockets (>= 2.8, < 4.0)
    sqlite3 (1.3.13)
    sshkit (1.11.5)
      net-scp (>= 1.1.2)
      net-ssh (>= 2.8.0)
    sshkit-interactive (0.2.0)
      sshkit (~> 1.9)
    stomp (1.4.3)
    string_rtl (0.1.0)
    sxp (1.0.0)
      rdf (~> 2.0)
    term-ansicolor (1.4.0)
      tins (~> 1.0)
    thor (0.19.4)
    thread_safe (0.3.5)
    tilt (2.0.6)
    tins (1.13.2)
    tinymce-rails (4.5.2)
      railties (>= 3.1.1)
    tinymce-rails-imageupload (4.0.17.beta)
      railties (>= 3.2, < 6)
      tinymce-rails (~> 4.0)
    trollop (2.1.2)
    ttfunk (1.4.0)
    twitter-typeahead-rails (0.11.1.pre.corejavascript)
      actionpack (>= 3.1)
      jquery-rails
      railties (>= 3.1)
    tzinfo (1.2.2)
      thread_safe (~> 0.1)
    uber (0.0.15)
    uglifier (3.0.4)
      execjs (>= 0.3.0, < 3)
    unf (0.1.4)
      unf_ext
    unf_ext (0.0.7.2)
    vcr (2.9.3)
    warden (1.2.7)
      rack (>= 1.0)
    web-console (2.3.0)
      activemodel (>= 4.0)
      binding_of_caller (>= 0.7.2)
      railties (>= 4.0)
      sprockets-rails (>= 2.0, < 4.0)
    webmock (1.24.6)
      addressable (>= 2.3.6)
      crack (>= 0.3.2)
      hashdiff
    websocket-driver (0.6.5)
      websocket-extensions (>= 0.1.0)
    websocket-extensions (0.1.2)
    xml-simple (1.1.5)
    xpath (2.0.0)
      nokogiri (~> 1.3)
    yaml_db (0.4.2)
      rails (>= 3.0, < 5.1)
      rake (>= 0.8.7)

PLATFORMS
  ruby

DEPENDENCIES
  aasm
  active-fedora (~> 11.1.2)
  active-triples (~> 0.11.0)
  active_fedora-noid (= 2.0.0)
  arabic-letter-connector
  browse-everything!
  bunny
  capistrano (~> 3.7.1)
  capistrano-passenger
  capistrano-rails
  capistrano-rails-console
  capybara
  coffee-rails (~> 4.2.1)
  coveralls (= 0.8.3)
  dalli
  devise (~> 4.2.0)
  devise-guests (~> 0.3)
  ezid-client
  factory_girl_rails
  fcrepo_wrapper (~> 0.6.0)
  flipflop!
  grocer!
  hydra-derivatives (= 3.1.3)
  hydra-pcdm!
  hydra-role-management (~> 0.2.0)
  hydra-works!
  hyrax!
  iiif-presentation!
  iso-639
  jasmine-jquery-rails
  jasmine-rails
  jbuilder (~> 2.0)
  jquery-rails
  jquery-ui-rails
  launchy
  modernizr-rails
  newrelic_rpm
  omniauth-cas
  openseadragon
  pdf-reader!
  pg
  posix-spawn
  prawn
  pry-byebug
  pry-rails
  pul_metadata_services!
  pul_uv_rails!
  rails (= 5.0.1)
  rails-assets-babel-polyfill!
  rails-assets-bootstrap-select (= 1.9.4)!
  rails-assets-jqueryui-timepicker-addon!
  rails-controller-testing
  rake (= 11.3.0)
  rbtrace
  redis-namespace
  rsolr (~> 1.1.0)
  rspec-rails
  rubocop (~> 0.34.0)
  rubocop-rspec (~> 1.3.0)
  ruby-prof
  sass-rails (~> 5.0)
  sdoc (~> 0.4.0)
  sidekiq
  simplecov (~> 0.9)
  solr_wrapper (~> 0.18.0)
  spring
  sprockets (~> 3.5.0)
  sprockets-es6
  sprockets-rails (~> 2.3.3)
  sqlite3
  string_rtl
  uglifier (>= 1.3.0)
  vcr (~> 2.9)
  web-console (~> 2.0)
  webmock (~> 1.0)

BUNDLED WITH
   1.13.7
